
Microsoft Visual Studio Solution File, Format Version 12.00
# Visual Studio Version 17
VisualStudioVersion = 17.9.34607.119
MinimumVisualStudioVersion = 10.0.40219.1
Project("{FAE04EC0-301F-11D3-BF4B-00C04F79EFBC}") = "Customers.Api", "Customers.Api\Customers.Api.csproj", "{C3913C1E-67D2-4756-8DFB-D84E844ED6EA}"
EndProject
Global
	GlobalSection(SolutionConfigurationPlatforms) = preSolution
		Debug|Any CPU = Debug|Any CPU
		Release|Any CPU = Release|Any CPU
	EndGlobalSection
	GlobalSection(ProjectConfigurationPlatforms) = postSolution
		{C3913C1E-67D2-4756-8DFB-D84E844ED6EA}.Debug|Any CPU.ActiveCfg = Debug|Any CPU
		{C3913C1E-67D2-4756-8DFB-D84E844ED6EA}.Debug|Any CPU.Build.0 = Debug|Any CPU
		{C3913C1E-67D2-4756-8DFB-D84E844ED6EA}.Release|Any CPU.ActiveCfg = Release|Any CPU
		{C3913C1E-67D2-4756-8DFB-D84E844ED6EA}.Release|Any CPU.Build.0 = Release|Any CPU
	EndGlobalSection
	GlobalSection(SolutionProperties) = preSolution
		HideSolutionNode = FALSE
	EndGlobalSection
	GlobalSection(ExtensibilityGlobals) = postSolution
		SolutionGuid = {278994EC-CC00-4222-BFB5-0B3E41968184}
	EndGlobalSection
EndGlobal
